
Microsoft Visual Studio Solution File, Format Version 11.00
# Visual Studio 2010
Project("{FAE04EC0-301F-11D3-BF4B-00C04F79EFBC}") = "Entity", "Entity\Entity.csproj", "{F61E7DDB-D381-415F-A1E6-605EB1458CD5}"
EndProject
Project("{FAE04EC0-301F-11D3-BF4B-00C04F79EFBC}") = "DAL", "DAL\DAL.csproj", "{FCE285AB-8C1B-472A-9A55-B1CB0BCBB494}"
EndProject
Project("{E24C65DC-7377-472B-9ABA-BC803B73C61A}") = "WEB", "WEB\", "{D3AC80E6-8379-43D5-824D-CE4CF5C809A5}"
	ProjectSection(WebsiteProperties) = preProject
		TargetFrameworkMoniker = ".NETFramework,Version%3Dv4.0"
		ProjectReferences = "{FCE285AB-8C1B-472A-9A55-B1CB0BCBB494}|XiaoHua.DAL.dll;{F61E7DDB-D381-415F-A1E6-605EB1458CD5}|XiaoHua.Entity.dll;"
		Debug.AspNetCompiler.VirtualPath = "/WEB"
		Debug.AspNetCompiler.PhysicalPath = "WEB\"
		Debug.AspNetCompiler.TargetPath = "PrecompiledWeb\WEB\"
		Debug.AspNetCompiler.Updateable = "true"
		Debug.AspNetCompiler.ForceOverwrite = "true"
		Debug.AspNetCompiler.FixedNames = "false"
		Debug.AspNetCompiler.Debug = "True"
		Release.AspNetCompiler.VirtualPath = "/WEB"
		Release.AspNetCompiler.PhysicalPath = "WEB\"
		Release.AspNetCompiler.TargetPath = "PrecompiledWeb\WEB\"
		Release.AspNetCompiler.Updateable = "true"
		Release.AspNetCompiler.ForceOverwrite = "true"
		Release.AspNetCompiler.FixedNames = "false"
		Release.AspNetCompiler.Debug = "False"
		VWDPort = "3949"
	EndProjectSection
EndProject
Project("{FAE04EC0-301F-11D3-BF4B-00C04F79EFBC}") = "PhantomSpider", "PhantomSpider\PhantomSpider.csproj", "{1E173D03-C921-4ABC-995F-E2EF80BFDC7A}"
EndProject
Project("{FAE04EC0-301F-11D3-BF4B-00C04F79EFBC}") = "WebKiss", "WebKiss\WebKiss.csproj", "{A71FBFAA-ED3D-4DE9-ABA0-1B427758AE77}"
EndProject
Global
	GlobalSection(SolutionConfigurationPlatforms) = preSolution
		Debug|Any CPU = Debug|Any CPU
		Debug|Mixed Platforms = Debug|Mixed Platforms
		Debug|x86 = Debug|x86
		Release|Any CPU = Release|Any CPU
		Release|Mixed Platforms = Release|Mixed Platforms
		Release|x86 = Release|x86
	EndGlobalSection
	GlobalSection(ProjectConfigurationPlatforms) = postSolution
		{F61E7DDB-D381-415F-A1E6-605EB1458CD5}.Debug|Any CPU.ActiveCfg = Debug|Any CPU
		{F61E7DDB-D381-415F-A1E6-605EB1458CD5}.Debug|Any CPU.Build.0 = Debug|Any CPU
		{F61E7DDB-D381-415F-A1E6-605EB1458CD5}.Debug|Mixed Platforms.ActiveCfg = Debug|Any CPU
		{F61E7DDB-D381-415F-A1E6-605EB1458CD5}.Debug|Mixed Platforms.Build.0 = Debug|Any CPU
		{F61E7DDB-D381-415F-A1E6-605EB1458CD5}.Debug|x86.ActiveCfg = Debug|Any CPU
		{F61E7DDB-D381-415F-A1E6-605EB1458CD5}.Release|Any CPU.ActiveCfg = Release|Any CPU
		{F61E7DDB-D381-415F-A1E6-605EB1458CD5}.Release|Any CPU.Build.0 = Release|Any CPU
		{F61E7DDB-D381-415F-A1E6-605EB1458CD5}.Release|Mixed Platforms.ActiveCfg = Release|Any CPU
		{F61E7DDB-D381-415F-A1E6-605EB1458CD5}.Release|Mixed Platforms.Build.0 = Release|Any CPU
		{F61E7DDB-D381-415F-A1E6-605EB1458CD5}.Release|x86.ActiveCfg = Release|Any CPU
		{FCE285AB-8C1B-472A-9A55-B1CB0BCBB494}.Debug|Any CPU.ActiveCfg = Debug|Any CPU
		{FCE285AB-8C1B-472A-9A55-B1CB0BCBB494}.Debug|Any CPU.Build.0 = Debug|Any CPU
		{FCE285AB-8C1B-472A-9A55-B1CB0BCBB494}.Debug|Mixed Platforms.ActiveCfg = Debug|Any CPU
		{FCE285AB-8C1B-472A-9A55-B1CB0BCBB494}.Debug|Mixed Platforms.Build.0 = Debug|Any CPU
		{FCE285AB-8C1B-472A-9A55-B1CB0BCBB494}.Debug|x86.ActiveCfg = Debug|Any CPU
		{FCE285AB-8C1B-472A-9A55-B1CB0BCBB494}.Release|Any CPU.ActiveCfg = Release|Any CPU
		{FCE285AB-8C1B-472A-9A55-B1CB0BCBB494}.Release|Any CPU.Build.0 = Release|Any CPU
		{FCE285AB-8C1B-472A-9A55-B1CB0BCBB494}.Release|Mixed Platforms.ActiveCfg = Release|Any CPU
		{FCE285AB-8C1B-472A-9A55-B1CB0BCBB494}.Release|Mixed Platforms.Build.0 = Release|Any CPU
		{FCE285AB-8C1B-472A-9A55-B1CB0BCBB494}.Release|x86.ActiveCfg = Release|Any CPU
		{D3AC80E6-8379-43D5-824D-CE4CF5C809A5}.Debug|Any CPU.ActiveCfg = Debug|Any CPU
		{D3AC80E6-8379-43D5-824D-CE4CF5C809A5}.Debug|Any CPU.Build.0 = Debug|Any CPU
		{D3AC80E6-8379-43D5-824D-CE4CF5C809A5}.Debug|Mixed Platforms.ActiveCfg = Debug|Any CPU
		{D3AC80E6-8379-43D5-824D-CE4CF5C809A5}.Debug|Mixed Platforms.Build.0 = Debug|Any CPU
		{D3AC80E6-8379-43D5-824D-CE4CF5C809A5}.Debug|x86.ActiveCfg = Debug|Any CPU
		{D3AC80E6-8379-43D5-824D-CE4CF5C809A5}.Release|Any CPU.ActiveCfg = Debug|Any CPU
		{D3AC80E6-8379-43D5-824D-CE4CF5C809A5}.Release|Any CPU.Build.0 = Debug|Any CPU
		{D3AC80E6-8379-43D5-824D-CE4CF5C809A5}.Release|Mixed Platforms.ActiveCfg = Debug|Any CPU
		{D3AC80E6-8379-43D5-824D-CE4CF5C809A5}.Release|Mixed Platforms.Build.0 = Debug|Any CPU
		{D3AC80E6-8379-43D5-824D-CE4CF5C809A5}.Release|x86.ActiveCfg = Debug|Any CPU
		{1E173D03-C921-4ABC-995F-E2EF80BFDC7A}.Debug|Any CPU.ActiveCfg = Debug|x86
		{1E173D03-C921-4ABC-995F-E2EF80BFDC7A}.Debug|Mixed Platforms.ActiveCfg = Debug|x86
		{1E173D03-C921-4ABC-995F-E2EF80BFDC7A}.Debug|Mixed Platforms.Build.0 = Debug|x86
		{1E173D03-C921-4ABC-995F-E2EF80BFDC7A}.Debug|x86.ActiveCfg = Debug|x86
		{1E173D03-C921-4ABC-995F-E2EF80BFDC7A}.Debug|x86.Build.0 = Debug|x86
		{1E173D03-C921-4ABC-995F-E2EF80BFDC7A}.Release|Any CPU.ActiveCfg = Release|x86
		{1E173D03-C921-4ABC-995F-E2EF80BFDC7A}.Release|Mixed Platforms.ActiveCfg = Release|x86
		{1E173D03-C921-4ABC-995F-E2EF80BFDC7A}.Release|Mixed Platforms.Build.0 = Release|x86
		{1E173D03-C921-4ABC-995F-E2EF80BFDC7A}.Release|x86.ActiveCfg = Release|x86
		{1E173D03-C921-4ABC-995F-E2EF80BFDC7A}.Release|x86.Build.0 = Release|x86
		{A71FBFAA-ED3D-4DE9-ABA0-1B427758AE77}.Debug|Any CPU.ActiveCfg = Debug|Any CPU
		{A71FBFAA-ED3D-4DE9-ABA0-1B427758AE77}.Debug|Any CPU.Build.0 = Debug|Any CPU
		{A71FBFAA-ED3D-4DE9-ABA0-1B427758AE77}.Debug|Mixed Platforms.ActiveCfg = Debug|Any CPU
		{A71FBFAA-ED3D-4DE9-ABA0-1B427758AE77}.Debug|Mixed Platforms.Build.0 = Debug|Any CPU
		{A71FBFAA-ED3D-4DE9-ABA0-1B427758AE77}.Debug|x86.ActiveCfg = Debug|Any CPU
		{A71FBFAA-ED3D-4DE9-ABA0-1B427758AE77}.Release|Any CPU.ActiveCfg = Release|Any CPU
		{A71FBFAA-ED3D-4DE9-ABA0-1B427758AE77}.Release|Any CPU.Build.0 = Release|Any CPU
		{A71FBFAA-ED3D-4DE9-ABA0-1B427758AE77}.Release|Mixed Platforms.ActiveCfg = Release|Any CPU
		{A71FBFAA-ED3D-4DE9-ABA0-1B427758AE77}.Release|Mixed Platforms.Build.0 = Release|Any CPU
		{A71FBFAA-ED3D-4DE9-ABA0-1B427758AE77}.Release|x86.ActiveCfg = Release|Any CPU
	EndGlobalSection
	GlobalSection(SolutionProperties) = preSolution
		HideSolutionNode = FALSE
	EndGlobalSection
EndGlobal
